
Microsoft Visual Studio Solution File, Format Version 12.00
# Visual Studio Version 17
VisualStudioVersion = 17.7.34031.279
MinimumVisualStudioVersion = 10.0.40219.1
Project("{FAE04EC0-301F-11D3-BF4B-00C04F79EFBC}") = "AgileDocMaster", "AgileDocMaster\AgileDocMaster.csproj", "{8A227C0C-3112-4D37-8C8C-C5F7F3436FA5}"
EndProject
Global
	GlobalSection(SolutionConfigurationPlatforms) = preSolution
		Debug|Any CPU = Debug|Any CPU
		Release|Any CPU = Release|Any CPU
	EndGlobalSection
	GlobalSection(ProjectConfigurationPlatforms) = postSolution
		{8A227C0C-3112-4D37-8C8C-C5F7F3436FA5}.Debug|Any CPU.ActiveCfg = Debug|Any CPU
		{8A227C0C-3112-4D37-8C8C-C5F7F3436FA5}.Debug|Any CPU.Build.0 = Debug|Any CPU
		{8A227C0C-3112-4D37-8C8C-C5F7F3436FA5}.Release|Any CPU.ActiveCfg = Release|Any CPU
		{8A227C0C-3112-4D37-8C8C-C5F7F3436FA5}.Release|Any CPU.Build.0 = Release|Any CPU
	EndGlobalSection
	GlobalSection(SolutionProperties) = preSolution
		HideSolutionNode = FALSE
	EndGlobalSection
	GlobalSection(ExtensibilityGlobals) = postSolution
		SolutionGuid = {5933C2F4-8540-4EB2-B395-AE5A8198D496}
	EndGlobalSection
EndGlobal
